
Microsoft Visual Studio Solution File, Format Version 12.00
# Visual Studio 15
VisualStudioVersion = 15.0.26430.14
MinimumVisualStudioVersion = 10.0.40219.1
Project("{FAE04EC0-301F-11D3-BF4B-00C04F79EFBC}") = "LocalizationDemo.Android", "LocalizationDemo\LocalizationDemo.Android\LocalizationDemo.Android.csproj", "{223B114B-7C94-4E10-A9E8-D8FA33AD156A}"
EndProject
Project("{FAE04EC0-301F-11D3-BF4B-00C04F79EFBC}") = "LocalizationDemo", "LocalizationDemo\LocalizationDemo\LocalizationDemo.csproj", "{EB5457C2-B917-4C16-93DD-4FBA41F72732}"
EndProject
Project("{FAE04EC0-301F-11D3-BF4B-00C04F79EFBC}") = "LocalizationDemo.iOS", "LocalizationDemo\LocalizationDemo.iOS\LocalizationDemo.iOS.csproj", "{ADF907DE-A45F-4776-9203-244FD4ED7CAD}"
EndProject
Global
	GlobalSection(SolutionConfigurationPlatforms) = preSolution
		Ad-Hoc|Any CPU = Ad-Hoc|Any CPU
		Ad-Hoc|ARM = Ad-Hoc|ARM
		Ad-Hoc|iPhone = Ad-Hoc|iPhone
		Ad-Hoc|iPhoneSimulator = Ad-Hoc|iPhoneSimulator
		Ad-Hoc|x64 = Ad-Hoc|x64
		Ad-Hoc|x86 = Ad-Hoc|x86
		AppStore|Any CPU = AppStore|Any CPU
		AppStore|ARM = AppStore|ARM
		AppStore|iPhone = AppStore|iPhone
		AppStore|iPhoneSimulator = AppStore|iPhoneSimulator
		AppStore|x64 = AppStore|x64
		AppStore|x86 = AppStore|x86
		Debug|Any CPU = Debug|Any CPU
		Debug|ARM = Debug|ARM
		Debug|iPhone = Debug|iPhone
		Debug|iPhoneSimulator = Debug|iPhoneSimulator
		Debug|x64 = Debug|x64
		Debug|x86 = Debug|x86
		Release|Any CPU = Release|Any CPU
		Release|ARM = Release|ARM
		Release|iPhone = Release|iPhone
		Release|iPhoneSimulator = Release|iPhoneSimulator
		Release|x64 = Release|x64
		Release|x86 = Release|x86
	EndGlobalSection
	GlobalSection(ProjectConfigurationPlatforms) = postSolution
		{223B114B-7C94-4E10-A9E8-D8FA33AD156A}.Ad-Hoc|Any CPU.ActiveCfg = Release|Any CPU
		{223B114B-7C94-4E10-A9E8-D8FA33AD156A}.Ad-Hoc|Any CPU.Build.0 = Release|Any CPU
		{223B114B-7C94-4E10-A9E8-D8FA33AD156A}.Ad-Hoc|Any CPU.Deploy.0 = Release|Any CPU
		{223B114B-7C94-4E10-A9E8-D8FA33AD156A}.Ad-Hoc|ARM.ActiveCfg = Release|Any CPU
		{223B114B-7C94-4E10-A9E8-D8FA33AD156A}.Ad-Hoc|ARM.Build.0 = Release|Any CPU
		{223B114B-7C94-4E10-A9E8-D8FA33AD156A}.Ad-Hoc|ARM.Deploy.0 = Release|Any CPU
		{223B114B-7C94-4E10-A9E8-D8FA33AD156A}.Ad-Hoc|iPhone.ActiveCfg = Release|Any CPU
		{223B114B-7C94-4E10-A9E8-D8FA33AD156A}.Ad-Hoc|iPhone.Build.0 = Release|Any CPU
		{223B114B-7C94-4E10-A9E8-D8FA33AD156A}.Ad-Hoc|iPhone.Deploy.0 = Release|Any CPU
		{223B114B-7C94-4E10-A9E8-D8FA33AD156A}.Ad-Hoc|iPhoneSimulator.ActiveCfg = Release|Any CPU
		{223B114B-7C94-4E10-A9E8-D8FA33AD156A}.Ad-Hoc|iPhoneSimulator.Build.0 = Release|Any CPU
		{223B114B-7C94-4E10-A9E8-D8FA33AD156A}.Ad-Hoc|iPhoneSimulator.Deploy.0 = Release|Any CPU
		{223B114B-7C94-4E10-A9E8-D8FA33AD156A}.Ad-Hoc|x64.ActiveCfg = Release|Any CPU
		{223B114B-7C94-4E10-A9E8-D8FA33AD156A}.Ad-Hoc|x64.Build.0 = Release|Any CPU
		{223B114B-7C94-4E10-A9E8-D8FA33AD156A}.Ad-Hoc|x64.Deploy.0 = Release|Any CPU
		{223B114B-7C94-4E10-A9E8-D8FA33AD156A}.Ad-Hoc|x86.ActiveCfg = Release|Any CPU
		{223B114B-7C94-4E10-A9E8-D8FA33AD156A}.Ad-Hoc|x86.Build.0 = Release|Any CPU
		{223B114B-7C94-4E10-A9E8-D8FA33AD156A}.Ad-Hoc|x86.Deploy.0 = Release|Any CPU
		{223B114B-7C94-4E10-A9E8-D8FA33AD156A}.AppStore|Any CPU.ActiveCfg = Release|Any CPU
		{223B114B-7C94-4E10-A9E8-D8FA33AD156A}.AppStore|Any CPU.Build.0 = Release|Any CPU
		{223B114B-7C94-4E10-A9E8-D8FA33AD156A}.AppStore|Any CPU.Deploy.0 = Release|Any CPU
		{223B114B-7C94-4E10-A9E8-D8FA33AD156A}.AppStore|ARM.ActiveCfg = Release|Any CPU
		{223B114B-7C94-4E10-A9E8-D8FA33AD156A}.AppStore|ARM.Build.0 = Release|Any CPU
		{223B114B-7C94-4E10-A9E8-D8FA33AD156A}.AppStore|ARM.Deploy.0 = Release|Any CPU
		{223B114B-7C94-4E10-A9E8-D8FA33AD156A}.AppStore|iPhone.ActiveCfg = Release|Any CPU
		{223B114B-7C94-4E10-A9E8-D8FA33AD156A}.AppStore|iPhone.Build.0 = Release|Any CPU
		{223B114B-7C94-4E10-A9E8-D8FA33AD156A}.AppStore|iPhone.Deploy.0 = Release|Any CPU
		{223B114B-7C94-4E10-A9E8-D8FA33AD156A}.AppStore|iPhoneSimulator.ActiveCfg = Release|Any CPU
		{223B114B-7C94-4E10-A9E8-D8FA33AD156A}.AppStore|iPhoneSimulator.Build.0 = Release|Any CPU
		{223B114B-7C94-4E10-A9E8-D8FA33AD156A}.AppStore|iPhoneSimulator.Deploy.0 = Release|Any CPU
		{223B114B-7C94-4E10-A9E8-D8FA33AD156A}.AppStore|x64.ActiveCfg = Release|Any CPU
		{223B114B-7C94-4E10-A9E8-D8FA33AD156A}.AppStore|x64.Build.0 = Release|Any CPU
		{223B114B-7C94-4E10-A9E8-D8FA33AD156A}.AppStore|x64.Deploy.0 = Release|Any CPU
		{223B114B-7C94-4E10-A9E8-D8FA33AD156A}.AppStore|x86.ActiveCfg = Release|Any CPU
		{223B114B-7C94-4E10-A9E8-D8FA33AD156A}.AppStore|x86.Build.0 = Release|Any CPU
		{223B114B-7C94-4E10-A9E8-D8FA33AD156A}.AppStore|x86.Deploy.0 = Release|Any CPU
		{223B114B-7C94-4E10-A9E8-D8FA33AD156A}.Debug|Any CPU.ActiveCfg = Debug|Any CPU
		{223B114B-7C94-4E10-A9E8-D8FA33AD156A}.Debug|Any CPU.Build.0 = Debug|Any CPU
		{223B114B-7C94-4E10-A9E8-D8FA33AD156A}.Debug|Any CPU.Deploy.0 = Debug|Any CPU
		{223B114B-7C94-4E10-A9E8-D8FA33AD156A}.Debug|ARM.ActiveCfg = Debug|Any CPU
		{223B114B-7C94-4E10-A9E8-D8FA33AD156A}.Debug|ARM.Build.0 = Debug|Any CPU
		{223B114B-7C94-4E10-A9E8-D8FA33AD156A}.Debug|ARM.Deploy.0 = Debug|Any CPU
		{223B114B-7C94-4E10-A9E8-D8FA33AD156A}.Debug|iPhone.ActiveCfg = Debug|Any CPU
		{223B114B-7C94-4E10-A9E8-D8FA33AD156A}.Debug|iPhone.Build.0 = Debug|Any CPU
		{223B114B-7C94-4E10-A9E8-D8FA33AD156A}.Debug|iPhone.Deploy.0 = Debug|Any CPU
		{223B114B-7C94-4E10-A9E8-D8FA33AD156A}.Debug|iPhoneSimulator.ActiveCfg = Debug|Any CPU
		{223B114B-7C94-4E10-A9E8-D8FA33AD156A}.Debug|iPhoneSimulator.Build.0 = Debug|Any CPU
		{223B114B-7C94-4E10-A9E8-D8FA33AD156A}.Debug|iPhoneSimulator.Deploy.0 = Debug|Any CPU
		{223B114B-7C94-4E10-A9E8-D8FA33AD156A}.Debug|x64.ActiveCfg = Debug|Any CPU
		{223B114B-7C94-4E10-A9E8-D8FA33AD156A}.Debug|x64.Build.0 = Debug|Any CPU
		{223B114B-7C94-4E10-A9E8-D8FA33AD156A}.Debug|x64.Deploy.0 = Debug|Any CPU
		{223B114B-7C94-4E10-A9E8-D8FA33AD156A}.Debug|x86.ActiveCfg = Debug|Any CPU
		{223B114B-7C94-4E10-A9E8-D8FA33AD156A}.Debug|x86.Build.0 = Debug|Any CPU
		{223B114B-7C94-4E10-A9E8-D8FA33AD156A}.Debug|x86.Deploy.0 = Debug|Any CPU
		{223B114B-7C94-4E10-A9E8-D8FA33AD156A}.Release|Any CPU.ActiveCfg = Release|Any CPU
		{223B114B-7C94-4E10-A9E8-D8FA33AD156A}.Release|Any CPU.Build.0 = Release|Any CPU
		{223B114B-7C94-4E10-A9E8-D8FA33AD156A}.Release|Any CPU.Deploy.0 = Release|Any CPU
		{223B114B-7C94-4E10-A9E8-D8FA33AD156A}.Release|ARM.ActiveCfg = Release|Any CPU
		{223B114B-7C94-4E10-A9E8-D8FA33AD156A}.Release|ARM.Build.0 = Release|Any CPU
		{223B114B-7C94-4E10-A9E8-D8FA33AD156A}.Release|ARM.Deploy.0 = Release|Any CPU
		{223B114B-7C94-4E10-A9E8-D8FA33AD156A}.Release|iPhone.ActiveCfg = Release|Any CPU
		{223B114B-7C94-4E10-A9E8-D8FA33AD156A}.Release|iPhone.Build.0 = Release|Any CPU
		{223B114B-7C94-4E10-A9E8-D8FA33AD156A}.Release|iPhone.Deploy.0 = Release|Any CPU
		{223B114B-7C94-4E10-A9E8-D8FA33AD156A}.Release|iPhoneSimulator.ActiveCfg = Release|Any CPU
		{223B114B-7C94-4E10-A9E8-D8FA33AD156A}.Release|iPhoneSimulator.Build.0 = Release|Any CPU
		{223B114B-7C94-4E10-A9E8-D8FA33AD156A}.Release|iPhoneSimulator.Deploy.0 = Release|Any CPU
		{223B114B-7C94-4E10-A9E8-D8FA33AD156A}.Release|x64.ActiveCfg = Release|Any CPU
		{223B114B-7C94-4E10-A9E8-D8FA33AD156A}.Release|x64.Build.0 = Release|Any CPU
		{223B114B-7C94-4E10-A9E8-D8FA33AD156A}.Release|x64.Deploy.0 = Release|Any CPU
		{223B114B-7C94-4E10-A9E8-D8FA33AD156A}.Release|x86.ActiveCfg = Release|Any CPU
		{223B114B-7C94-4E10-A9E8-D8FA33AD156A}.Release|x86.Build.0 = Release|Any CPU
		{223B114B-7C94-4E10-A9E8-D8FA33AD156A}.Release|x86.Deploy.0 = Release|Any CPU
		{EB5457C2-B917-4C16-93DD-4FBA41F72732}.Ad-Hoc|Any CPU.ActiveCfg = Release|Any CPU
		{EB5457C2-B917-4C16-93DD-4FBA41F72732}.Ad-Hoc|Any CPU.Build.0 = Release|Any CPU
		{EB5457C2-B917-4C16-93DD-4FBA41F72732}.Ad-Hoc|ARM.ActiveCfg = Release|Any CPU
		{EB5457C2-B917-4C16-93DD-4FBA41F72732}.Ad-Hoc|ARM.Build.0 = Release|Any CPU
		{EB5457C2-B917-4C16-93DD-4FBA41F72732}.Ad-Hoc|iPhone.ActiveCfg = Release|Any CPU
		{EB5457C2-B917-4C16-93DD-4FBA41F72732}.Ad-Hoc|iPhone.Build.0 = Release|Any CPU
		{EB5457C2-B917-4C16-93DD-4FBA41F72732}.Ad-Hoc|iPhoneSimulator.ActiveCfg = Release|Any CPU
		{EB5457C2-B917-4C16-93DD-4FBA41F72732}.Ad-Hoc|iPhoneSimulator.Build.0 = Release|Any CPU
		{EB5457C2-B917-4C16-93DD-4FBA41F72732}.Ad-Hoc|x64.ActiveCfg = Release|Any CPU
		{EB5457C2-B917-4C16-93DD-4FBA41F72732}.Ad-Hoc|x64.Build.0 = Release|Any CPU
		{EB5457C2-B917-4C16-93DD-4FBA41F72732}.Ad-Hoc|x86.ActiveCfg = Release|Any CPU
		{EB5457C2-B917-4C16-93DD-4FBA41F72732}.Ad-Hoc|x86.Build.0 = Release|Any CPU
		{EB5457C2-B917-4C16-93DD-4FBA41F72732}.AppStore|Any CPU.ActiveCfg = Release|Any CPU
		{EB5457C2-B917-4C16-93DD-4FBA41F72732}.AppStore|Any CPU.Build.0 = Release|Any CPU
		{EB5457C2-B917-4C16-93DD-4FBA41F72732}.AppStore|ARM.ActiveCfg = Release|Any CPU
		{EB5457C2-B917-4C16-93DD-4FBA41F72732}.AppStore|ARM.Build.0 = Release|Any CPU
		{EB5457C2-B917-4C16-93DD-4FBA41F72732}.AppStore|iPhone.ActiveCfg = Release|Any CPU
		{EB5457C2-B917-4C16-93DD-4FBA41F72732}.AppStore|iPhone.Build.0 = Release|Any CPU
		{EB5457C2-B917-4C16-93DD-4FBA41F72732}.AppStore|iPhoneSimulator.ActiveCfg = Release|Any CPU
		{EB5457C2-B917-4C16-93DD-4FBA41F72732}.AppStore|iPhoneSimulator.Build.0 = Release|Any CPU
		{EB5457C2-B917-4C16-93DD-4FBA41F72732}.AppStore|x64.ActiveCfg = Release|Any CPU
		{EB5457C2-B917-4C16-93DD-4FBA41F72732}.AppStore|x64.Build.0 = Release|Any CPU
		{EB5457C2-B917-4C16-93DD-4FBA41F72732}.AppStore|x86.ActiveCfg = Release|Any CPU
		{EB5457C2-B917-4C16-93DD-4FBA41F72732}.AppStore|x86.Build.0 = Release|Any CPU
		{EB5457C2-B917-4C16-93DD-4FBA41F72732}.Debug|Any CPU.ActiveCfg = Debug|Any CPU
		{EB5457C2-B917-4C16-93DD-4FBA41F72732}.Debug|Any CPU.Build.0 = Debug|Any CPU
		{EB5457C2-B917-4C16-93DD-4FBA41F72732}.Debug|ARM.ActiveCfg = Debug|Any CPU
		{EB5457C2-B917-4C16-93DD-4FBA41F72732}.Debug|ARM.Build.0 = Debug|Any CPU
		{EB5457C2-B917-4C16-93DD-4FBA41F72732}.Debug|iPhone.ActiveCfg = Debug|Any CPU
		{EB5457C2-B917-4C16-93DD-4FBA41F72732}.Debug|iPhone.Build.0 = Debug|Any CPU
		{EB5457C2-B917-4C16-93DD-4FBA41F72732}.Debug|iPhoneSimulator.ActiveCfg = Debug|Any CPU
		{EB5457C2-B917-4C16-93DD-4FBA41F72732}.Debug|iPhoneSimulator.Build.0 = Debug|Any CPU
		{EB5457C2-B917-4C16-93DD-4FBA41F72732}.Debug|x64.ActiveCfg = Debug|Any CPU
		{EB5457C2-B917-4C16-93DD-4FBA41F72732}.Debug|x64.Build.0 = Debug|Any CPU
		{EB5457C2-B917-4C16-93DD-4FBA41F72732}.Debug|x86.ActiveCfg = Debug|Any CPU
		{EB5457C2-B917-4C16-93DD-4FBA41F72732}.Debug|x86.Build.0 = Debug|Any CPU
		{EB5457C2-B917-4C16-93DD-4FBA41F72732}.Release|Any CPU.ActiveCfg = Release|Any CPU
		{EB5457C2-B917-4C16-93DD-4FBA41F72732}.Release|Any CPU.Build.0 = Release|Any CPU
		{EB5457C2-B917-4C16-93DD-4FBA41F72732}.Release|ARM.ActiveCfg = Release|Any CPU
		{EB5457C2-B917-4C16-93DD-4FBA41F72732}.Release|ARM.Build.0 = Release|Any CPU
		{EB5457C2-B917-4C16-93DD-4FBA41F72732}.Release|iPhone.ActiveCfg = Release|Any CPU
		{EB5457C2-B917-4C16-93DD-4FBA41F72732}.Release|iPhone.Build.0 = Release|Any CPU
		{EB5457C2-B917-4C16-93DD-4FBA41F72732}.Release|iPhoneSimulator.ActiveCfg = Release|Any CPU
		{EB5457C2-B917-4C16-93DD-4FBA41F72732}.Release|iPhoneSimulator.Build.0 = Release|Any CPU
		{EB5457C2-B917-4C16-93DD-4FBA41F72732}.Release|x64.ActiveCfg = Release|Any CPU
		{EB5457C2-B917-4C16-93DD-4FBA41F72732}.Release|x64.Build.0 = Release|Any CPU
		{EB5457C2-B917-4C16-93DD-4FBA41F72732}.Release|x86.ActiveCfg = Release|Any CPU
		{EB5457C2-B917-4C16-93DD-4FBA41F72732}.Release|x86.Build.0 = Release|Any CPU
		{ADF907DE-A45F-4776-9203-244FD4ED7CAD}.Ad-Hoc|Any CPU.ActiveCfg = Ad-Hoc|iPhone
		{ADF907DE-A45F-4776-9203-244FD4ED7CAD}.Ad-Hoc|ARM.ActiveCfg = Ad-Hoc|iPhone
		{ADF907DE-A45F-4776-9203-244FD4ED7CAD}.Ad-Hoc|iPhone.ActiveCfg = Ad-Hoc|iPhone
		{ADF907DE-A45F-4776-9203-244FD4ED7CAD}.Ad-Hoc|iPhone.Build.0 = Ad-Hoc|iPhone
		{ADF907DE-A45F-4776-9203-244FD4ED7CAD}.Ad-Hoc|iPhoneSimulator.ActiveCfg = Ad-Hoc|iPhoneSimulator
		{ADF907DE-A45F-4776-9203-244FD4ED7CAD}.Ad-Hoc|iPhoneSimulator.Build.0 = Ad-Hoc|iPhoneSimulator
		{ADF907DE-A45F-4776-9203-244FD4ED7CAD}.Ad-Hoc|x64.ActiveCfg = Ad-Hoc|iPhone
		{ADF907DE-A45F-4776-9203-244FD4ED7CAD}.Ad-Hoc|x86.ActiveCfg = Ad-Hoc|iPhone
		{ADF907DE-A45F-4776-9203-244FD4ED7CAD}.AppStore|Any CPU.ActiveCfg = AppStore|iPhone
		{ADF907DE-A45F-4776-9203-244FD4ED7CAD}.AppStore|ARM.ActiveCfg = AppStore|iPhone
		{ADF907DE-A45F-4776-9203-244FD4ED7CAD}.AppStore|iPhone.ActiveCfg = AppStore|iPhone
		{ADF907DE-A45F-4776-9203-244FD4ED7CAD}.AppStore|iPhone.Build.0 = AppStore|iPhone
		{ADF907DE-A45F-4776-9203-244FD4ED7CAD}.AppStore|iPhoneSimulator.ActiveCfg = AppStore|iPhoneSimulator
		{ADF907DE-A45F-4776-9203-244FD4ED7CAD}.AppStore|iPhoneSimulator.Build.0 = AppStore|iPhoneSimulator
		{ADF907DE-A45F-4776-9203-244FD4ED7CAD}.AppStore|x64.ActiveCfg = AppStore|iPhone
		{ADF907DE-A45F-4776-9203-244FD4ED7CAD}.AppStore|x86.ActiveCfg = AppStore|iPhone
		{ADF907DE-A45F-4776-9203-244FD4ED7CAD}.Debug|Any CPU.ActiveCfg = Debug|iPhone
		{ADF907DE-A45F-4776-9203-244FD4ED7CAD}.Debug|ARM.ActiveCfg = Debug|iPhone
		{ADF907DE-A45F-4776-9203-244FD4ED7CAD}.Debug|iPhone.ActiveCfg = Debug|iPhone
		{ADF907DE-A45F-4776-9203-244FD4ED7CAD}.Debug|iPhone.Build.0 = Debug|iPhone
		{ADF907DE-A45F-4776-9203-244FD4ED7CAD}.Debug|iPhoneSimulator.ActiveCfg = Debug|iPhoneSimulator
		{ADF907DE-A45F-4776-9203-244FD4ED7CAD}.Debug|iPhoneSimulator.Build.0 = Debug|iPhoneSimulator
		{ADF907DE-A45F-4776-9203-244FD4ED7CAD}.Debug|x64.ActiveCfg = Debug|iPhone
		{ADF907DE-A45F-4776-9203-244FD4ED7CAD}.Debug|x86.ActiveCfg = Debug|iPhone
		{ADF907DE-A45F-4776-9203-244FD4ED7CAD}.Release|Any CPU.ActiveCfg = Release|iPhone
		{ADF907DE-A45F-4776-9203-244FD4ED7CAD}.Release|ARM.ActiveCfg = Release|iPhone
		{ADF907DE-A45F-4776-9203-244FD4ED7CAD}.Release|iPhone.ActiveCfg = Release|iPhone
		{ADF907DE-A45F-4776-9203-244FD4ED7CAD}.Release|iPhone.Build.0 = Release|iPhone
		{ADF907DE-A45F-4776-9203-244FD4ED7CAD}.Release|iPhoneSimulator.ActiveCfg = Release|iPhoneSimulator
		{ADF907DE-A45F-4776-9203-244FD4ED7CAD}.Release|iPhoneSimulator.Build.0 = Release|iPhoneSimulator
		{ADF907DE-A45F-4776-9203-244FD4ED7CAD}.Release|x64.ActiveCfg = Release|iPhone
		{ADF907DE-A45F-4776-9203-244FD4ED7CAD}.Release|x86.ActiveCfg = Release|iPhone
	EndGlobalSection
	GlobalSection(SolutionProperties) = preSolution
		HideSolutionNode = FALSE
	EndGlobalSection
EndGlobal
